
Microsoft Visual Studio Solution File, Format Version 12.00
# Visual Studio 15
VisualStudioVersion = 15.0.28010.2003
MinimumVisualStudioVersion = 10.0.40219.1
Project("{FAE04EC0-301F-11D3-BF4B-00C04F79EFBC}") = "BookStore.WEB", "BookStore.WEB\BookStore.WEB.csproj", "{37997808-0D6C-43AF-8C06-5295A5E07D14}"
EndProject
Project("{FAE04EC0-301F-11D3-BF4B-00C04F79EFBC}") = "BookStore.BLL", "BookStore.BLL\BookStore.BLL.csproj", "{4DB65BCB-EB23-4542-814A-D4298CE620E1}"
EndProject
Project("{FAE04EC0-301F-11D3-BF4B-00C04F79EFBC}") = "BookStore.DAL", "BookStore.DAL\BookStore.DAL.csproj", "{5CA04A42-03FB-479C-9771-52FF68C0A4CE}"
EndProject
Global
	GlobalSection(SolutionConfigurationPlatforms) = preSolution
		Debug|Any CPU = Debug|Any CPU
		Release|Any CPU = Release|Any CPU
	EndGlobalSection
	GlobalSection(ProjectConfigurationPlatforms) = postSolution
		{37997808-0D6C-43AF-8C06-5295A5E07D14}.Debug|Any CPU.ActiveCfg = Debug|Any CPU
		{37997808-0D6C-43AF-8C06-5295A5E07D14}.Debug|Any CPU.Build.0 = Debug|Any CPU
		{37997808-0D6C-43AF-8C06-5295A5E07D14}.Release|Any CPU.ActiveCfg = Release|Any CPU
		{37997808-0D6C-43AF-8C06-5295A5E07D14}.Release|Any CPU.Build.0 = Release|Any CPU
		{4DB65BCB-EB23-4542-814A-D4298CE620E1}.Debug|Any CPU.ActiveCfg = Debug|Any CPU
		{4DB65BCB-EB23-4542-814A-D4298CE620E1}.Debug|Any CPU.Build.0 = Debug|Any CPU
		{4DB65BCB-EB23-4542-814A-D4298CE620E1}.Release|Any CPU.ActiveCfg = Release|Any CPU
		{4DB65BCB-EB23-4542-814A-D4298CE620E1}.Release|Any CPU.Build.0 = Release|Any CPU
		{5CA04A42-03FB-479C-9771-52FF68C0A4CE}.Debug|Any CPU.ActiveCfg = Debug|Any CPU
		{5CA04A42-03FB-479C-9771-52FF68C0A4CE}.Debug|Any CPU.Build.0 = Debug|Any CPU
		{5CA04A42-03FB-479C-9771-52FF68C0A4CE}.Release|Any CPU.ActiveCfg = Release|Any CPU
		{5CA04A42-03FB-479C-9771-52FF68C0A4CE}.Release|Any CPU.Build.0 = Release|Any CPU
	EndGlobalSection
	GlobalSection(SolutionProperties) = preSolution
		HideSolutionNode = FALSE
	EndGlobalSection
	GlobalSection(ExtensibilityGlobals) = postSolution
		SolutionGuid = {0C9BB49A-C429-4898-BBF6-6E7176362763}
	EndGlobalSection
EndGlobal
